// !$*UTF8*$!
{
	archiveVersion = 1;
	classes = {
	};
	objectVersion = 56;
	objects = {

/* Begin PBXBuildFile section */
		70440A862CDC3537008951C2 /* AppDelegate.swift in Sources */ = {isa = PBXBuildFile; fileRef = 70440A852CDC3537008951C2 /* AppDelegate.swift */; };
		70440A882CDC3537008951C2 /* SceneDelegate.swift in Sources */ = {isa = PBXBuildFile; fileRef = 70440A872CDC3537008951C2 /* SceneDelegate.swift */; };
		70440A8A2CDC3537008951C2 /* ViewController.swift in Sources */ = {isa = PBXBuildFile; fileRef = 70440A892CDC3537008951C2 /* ViewController.swift */; };
		70440A8D2CDC3537008951C2 /* Main.storyboard in Resources */ = {isa = PBXBuildFile; fileRef = 70440A8B2CDC3537008951C2 /* Main.storyboard */; };
		70440A8F2CDC3544008951C2 /* Assets.xcassets in Resources */ = {isa = PBXBuildFile; fileRef = 70440A8E2CDC3544008951C2 /* Assets.xcassets */; };
		70440A922CDC3544008951C2 /* LaunchScreen.storyboard in Resources */ = {isa = PBXBuildFile; fileRef = 70440A902CDC3544008951C2 /* LaunchScreen.storyboard */; };
		70440A9D2CDC3544008951C2 /* LinusOwenDavid_FinalProjectTests.swift in Sources */ = {isa = PBXBuildFile; fileRef = 70440A9C2CDC3544008951C2 /* LinusOwenDavid_FinalProjectTests.swift */; };
		70440AA72CDC3544008951C2 /* LinusOwenDavid_FinalProjectUITests.swift in Sources */ = {isa = PBXBuildFile; fileRef = 70440AA62CDC3544008951C2 /* LinusOwenDavid_FinalProjectUITests.swift */; };
		70440AA92CDC3544008951C2 /* LinusOwenDavid_FinalProjectUITestsLaunchTests.swift in Sources */ = {isa = PBXBuildFile; fileRef = 70440AA82CDC3544008951C2 /* LinusOwenDavid_FinalProjectUITestsLaunchTests.swift */; };
/* End PBXBuildFile section */

/* Begin PBXContainerItemProxy section */
		70440A992CDC3544008951C2 /* PBXContainerItemProxy */ = {
			isa = PBXContainerItemProxy;
			containerPortal = 70440A7A2CDC3537008951C2 /* Project object */;
			proxyType = 1;
			remoteGlobalIDString = 70440A812CDC3537008951C2;
			remoteInfo = "LinusOwenDavid-FinalProject";
		};
		70440AA32CDC3544008951C2 /* PBXContainerItemProxy */ = {
			isa = PBXContainerItemProxy;
			containerPortal = 70440A7A2CDC3537008951C2 /* Project object */;
			proxyType = 1;
			remoteGlobalIDString = 70440A812CDC3537008951C2;
			remoteInfo = "LinusOwenDavid-FinalProject";
		};
/* End PBXContainerItemProxy section */

/* Begin PBXFileReference section */
		70440A822CDC3537008951C2 /* LinusOwenDavid-FinalProject.app */ = {isa = PBXFileReference; explicitFileType = wrapper.application; includeInIndex = 0; path = "LinusOwenDavid-FinalProject.app"; sourceTree = BUILT_PRODUCTS_DIR; };
		70440A852CDC3537008951C2 /* AppDelegate.swift */ = {isa = PBXFileReference; lastKnownFileType = sourcecode.swift; path = AppDelegate.swift; sourceTree = "<group>"; };
		70440A872CDC3537008951C2 /* SceneDelegate.swift */ = {isa = PBXFileReference; lastKnownFileType = sourcecode.swift; path = SceneDelegate.swift; sourceTree = "<group>"; };
		70440A892CDC3537008951C2 /* ViewController.swift */ = {isa = PBXFileReference; lastKnownFileType = sourcecode.swift; path = ViewController.swift; sourceTree = "<group>"; };
		70440A8C2CDC3537008951C2 /* Base */ = {isa = PBXFileReference; lastKnownFileType = file.storyboard; name = Base; path = Base.lproj/Main.storyboard; sourceTree = "<group>"; };
		70440A8E2CDC3544008951C2 /* Assets.xcassets */ = {isa = PBXFileReference; lastKnownFileType = folder.assetcatalog; path = Assets.xcassets; sourceTree = "<group>"; };
		70440A912CDC3544008951C2 /* Base */ = {isa = PBXFileReference; lastKnownFileType = file.storyboard; name = Base; path = Base.lproj/LaunchScreen.storyboard; sourceTree = "<group>"; };
		70440A932CDC3544008951C2 /* Info.plist */ = {isa = PBXFileReference; lastKnownFileType = text.plist.xml; path = Info.plist; sourceTree = "<group>"; };
		70440A982CDC3544008951C2 /* LinusOwenDavid-FinalProjectTests.xctest */ = {isa = PBXFileReference; explicitFileType = wrapper.cfbundle; includeInIndex = 0; path = "LinusOwenDavid-FinalProjectTests.xctest"; sourceTree = BUILT_PRODUCTS_DIR; };
		70440A9C2CDC3544008951C2 /* LinusOwenDavid_FinalProjectTests.swift */ = {isa = PBXFileReference; lastKnownFileType = sourcecode.swift; path = LinusOwenDavid_FinalProjectTests.swift; sourceTree = "<group>"; };
		70440AA22CDC3544008951C2 /* LinusOwenDavid-FinalProjectUITests.xctest */ = {isa = PBXFileReference; explicitFileType = wrapper.cfbundle; includeInIndex = 0; path = "LinusOwenDavid-FinalProjectUITests.xctest"; sourceTree = BUILT_PRODUCTS_DIR; };
		70440AA62CDC3544008951C2 /* LinusOwenDavid_FinalProjectUITests.swift */ = {isa = PBXFileReference; lastKnownFileType = sourcecode.swift; path = LinusOwenDavid_FinalProjectUITests.swift; sourceTree = "<group>"; };
		70440AA82CDC3544008951C2 /* LinusOwenDavid_FinalProjectUITestsLaunchTests.swift */ = {isa = PBXFileReference; lastKnownFileType = sourcecode.swift; path = LinusOwenDavid_FinalProjectUITestsLaunchTests.swift; sourceTree = "<group>"; };
/* End PBXFileReference section */

/* Begin PBXFrameworksBuildPhase section */
		70440A7F2CDC3537008951C2 /* Frameworks */ = {
			isa = PBXFrameworksBuildPhase;
			buildActionMask = 2147483647;
			files = (
			);
			runOnlyForDeploymentPostprocessing = 0;
		};
		70440A952CDC3544008951C2 /* Frameworks */ = {
			isa = PBXFrameworksBuildPhase;
			buildActionMask = 2147483647;
			files = (
			);
			runOnlyForDeploymentPostprocessing = 0;
		};
		70440A9F2CDC3544008951C2 /* Frameworks */ = {
			isa = PBXFrameworksBuildPhase;
			buildActionMask = 2147483647;
			files = (
			);
			runOnlyForDeploymentPostprocessing = 0;
		};
/* End PBXFrameworksBuildPhase section */

/* Begin PBXGroup section */
		70440A792CDC3537008951C2 = {
			isa = PBXGroup;
			children = (
				70440A842CDC3537008951C2 /* LinusOwenDavid-FinalProject */,
				70440A9B2CDC3544008951C2 /* LinusOwenDavid-FinalProjectTests */,
				70440AA52CDC3544008951C2 /* LinusOwenDavid-FinalProjectUITests */,
				70440A832CDC3537008951C2 /* Products */,
			);
			sourceTree = "<group>";
		};
		70440A832CDC3537008951C2 /* Products */ = {
			isa = PBXGroup;
			children = (
				70440A822CDC3537008951C2 /* LinusOwenDavid-FinalProject.app */,
				70440A982CDC3544008951C2 /* LinusOwenDavid-FinalProjectTests.xctest */,
				70440AA22CDC3544008951C2 /* LinusOwenDavid-FinalProjectUITests.xctest */,
			);
			name = Products;
			sourceTree = "<group>";
		};
		70440A842CDC3537008951C2 /* LinusOwenDavid-FinalProject */ = {
			isa = PBXGroup;
			children = (
				70440A852CDC3537008951C2 /* AppDelegate.swift */,
				70440A872CDC3537008951C2 /* SceneDelegate.swift */,
				70440A892CDC3537008951C2 /* ViewController.swift */,
				70440A8B2CDC3537008951C2 /* Main.storyboard */,
				70440A8E2CDC3544008951C2 /* Assets.xcassets */,
				70440A902CDC3544008951C2 /* LaunchScreen.storyboard */,
				70440A932CDC3544008951C2 /* Info.plist */,
			);
			path = "LinusOwenDavid-FinalProject";
			sourceTree = "<group>";
		};
		70440A9B2CDC3544008951C2 /* LinusOwenDavid-FinalProjectTests */ = {
			isa = PBXGroup;
			children = (
				70440A9C2CDC3544008951C2 /* LinusOwenDavid_FinalProjectTests.swift */,
			);
			path = "LinusOwenDavid-FinalProjectTests";
			sourceTree = "<group>";
		};
		70440AA52CDC3544008951C2 /* LinusOwenDavid-FinalProjectUITests */ = {
			isa = PBXGroup;
			children = (
				70440AA62CDC3544008951C2 /* LinusOwenDavid_FinalProjectUITests.swift */,
				70440AA82CDC3544008951C2 /* LinusOwenDavid_FinalProjectUITestsLaunchTests.swift */,
			);
			path = "LinusOwenDavid-FinalProjectUITests";
			sourceTree = "<group>";
		};
/* End PBXGroup section */

/* Begin PBXNativeTarget section */
		70440A812CDC3537008951C2 /* LinusOwenDavid-FinalProject */ = {
			isa = PBXNativeTarget;
			buildConfigurationList = 70440AAC2CDC3544008951C2 /* Build configuration list for PBXNativeTarget "LinusOwenDavid-FinalProject" */;
			buildPhases = (
				70440A7E2CDC3537008951C2 /* Sources */,
				70440A7F2CDC3537008951C2 /* Frameworks */,
				70440A802CDC3537008951C2 /* Resources */,
			);
			buildRules = (
			);
			dependencies = (
			);
			name = "LinusOwenDavid-FinalProject";
			productName = "LinusOwenDavid-FinalProject";
			productReference = 70440A822CDC3537008951C2 /* LinusOwenDavid-FinalProject.app */;
			productType = "com.apple.product-type.application";
		};
		70440A972CDC3544008951C2 /* LinusOwenDavid-FinalProjectTests */ = {
			isa = PBXNativeTarget;
			buildConfigurationList = 70440AAF2CDC3544008951C2 /* Build configuration list for PBXNativeTarget "LinusOwenDavid-FinalProjectTests" */;
			buildPhases = (
				70440A942CDC3544008951C2 /* Sources */,
				70440A952CDC3544008951C2 /* Frameworks */,
				70440A962CDC3544008951C2 /* Resources */,
			);
			buildRules = (
			);
			dependencies = (
				70440A9A2CDC3544008951C2 /* PBXTargetDependency */,
			);
			name = "LinusOwenDavid-FinalProjectTests";
			productName = "LinusOwenDavid-FinalProjectTests";
			productReference = 70440A982CDC3544008951C2 /* LinusOwenDavid-FinalProjectTests.xctest */;
			productType = "com.apple.product-type.bundle.unit-test";
		};
		70440AA12CDC3544008951C2 /* LinusOwenDavid-FinalProjectUITests */ = {
			isa = PBXNativeTarget;
			buildConfigurationList = 70440AB22CDC3544008951C2 /* Build configuration list for PBXNativeTarget "LinusOwenDavid-FinalProjectUITests" */;
			buildPhases = (
				70440A9E2CDC3544008951C2 /* Sources */,
				70440A9F2CDC3544008951C2 /* Frameworks */,
				70440AA02CDC3544008951C2 /* Resources */,
			);
			buildRules = (
			);
			dependencies = (
				70440AA42CDC3544008951C2 /* PBXTargetDependency */,
			);
			name = "LinusOwenDavid-FinalProjectUITests";
			productName = "LinusOwenDavid-FinalProjectUITests";
			productReference = 70440AA22CDC3544008951C2 /* LinusOwenDavid-FinalProjectUITests.xctest */;
			productType = "com.apple.product-type.bundle.ui-testing";
		};
/* End PBXNativeTarget section */

/* Begin PBXProject section */
		70440A7A2CDC3537008951C2 /* Project object */ = {
			isa = PBXProject;
			attributes = {
				BuildIndependentTargetsInParallel = 1;
				LastSwiftUpdateCheck = 1520;
				LastUpgradeCheck = 1520;
				TargetAttributes = {
					70440A812CDC3537008951C2 = {
						CreatedOnToolsVersion = 15.2;
					};
					70440A972CDC3544008951C2 = {
						CreatedOnToolsVersion = 15.2;
						TestTargetID = 70440A812CDC3537008951C2;
					};
					70440AA12CDC3544008951C2 = {
						CreatedOnToolsVersion = 15.2;
						TestTargetID = 70440A812CDC3537008951C2;
					};
				};
			};
			buildConfigurationList = 70440A7D2CDC3537008951C2 /* Build configuration list for PBXProject "LinusOwenDavid-FinalProject" */;
			compatibilityVersion = "Xcode 14.0";
			developmentRegion = en;
			hasScannedForEncodings = 0;
			knownRegions = (
				en,
				Base,
			);
			mainGroup = 70440A792CDC3537008951C2;
			productRefGroup = 70440A832CDC3537008951C2 /* Products */;
			projectDirPath = "";
			projectRoot = "";
			targets = (
				70440A812CDC3537008951C2 /* LinusOwenDavid-FinalProject */,
				70440A972CDC3544008951C2 /* LinusOwenDavid-FinalProjectTests */,
				70440AA12CDC3544008951C2 /* LinusOwenDavid-FinalProjectUITests */,
			);
		};
/* End PBXProject section */

/* Begin PBXResourcesBuildPhase section */
		70440A802CDC3537008951C2 /* Resources */ = {
			isa = PBXResourcesBuildPhase;
			buildActionMask = 2147483647;
			files = (
				70440A922CDC3544008951C2 /* LaunchScreen.storyboard in Resources */,
				70440A8F2CDC3544008951C2 /* Assets.xcassets in Resources */,
				70440A8D2CDC3537008951C2 /* Main.storyboard in Resources */,
			);
			runOnlyForDeploymentPostprocessing = 0;
		};
		70440A962CDC3544008951C2 /* Resources */ = {
			isa = PBXResourcesBuildPhase;
			buildActionMask = 2147483647;
			files = (
			);
			runOnlyForDeploymentPostprocessing = 0;
		};
		70440AA02CDC3544008951C2 /* Resources */ = {
			isa = PBXResourcesBuildPhase;
			buildActionMask = 2147483647;
			files = (
			);
			runOnlyForDeploymentPostprocessing = 0;
		};
/* End PBXResourcesBuildPhase section */

/* Begin PBXSourcesBuildPhase section */
		70440A7E2CDC3537008951C2 /* Sources */ = {
			isa = PBXSourcesBuildPhase;
			buildActionMask = 2147483647;
			files = (
				70440A8A2CDC3537008951C2 /* ViewController.swift in Sources */,
				70440A862CDC3537008951C2 /* AppDelegate.swift in Sources */,
				70440A882CDC3537008951C2 /* SceneDelegate.swift in Sources */,
			);
			runOnlyForDeploymentPostprocessing = 0;
		};
		70440A942CDC3544008951C2 /* Sources */ = {
			isa = PBXSourcesBuildPhase;
			buildActionMask = 2147483647;
			files = (
				70440A9D2CDC3544008951C2 /* LinusOwenDavid_FinalProjectTests.swift in Sources */,
			);
			runOnlyForDeploymentPostprocessing = 0;
		};
		70440A9E2CDC3544008951C2 /* Sources */ = {
			isa = PBXSourcesBuildPhase;
			buildActionMask = 2147483647;
			files = (
				70440AA72CDC3544008951C2 /* LinusOwenDavid_FinalProjectUITests.swift in Sources */,
				70440AA92CDC3544008951C2 /* LinusOwenDavid_FinalProjectUITestsLaunchTests.swift in Sources */,
			);
			runOnlyForDeploymentPostprocessing = 0;
		};
/* End PBXSourcesBuildPhase section */

/* Begin PBXTargetDependency section */
		70440A9A2CDC3544008951C2 /* PBXTargetDependency */ = {
			isa = PBXTargetDependency;
			target = 70440A812CDC3537008951C2 /* LinusOwenDavid-FinalProject */;
			targetProxy = 70440A992CDC3544008951C2 /* PBXContainerItemProxy */;
		};
		70440AA42CDC3544008951C2 /* PBXTargetDependency */ = {
			isa = PBXTargetDependency;
			target = 70440A812CDC3537008951C2 /* LinusOwenDavid-FinalProject */;
			targetProxy = 70440AA32CDC3544008951C2 /* PBXContainerItemProxy */;
		};
/* End PBXTargetDependency section */

/* Begin PBXVariantGroup section */
		70440A8B2CDC3537008951C2 /* Main.storyboard */ = {
			isa = PBXVariantGroup;
			children = (
				70440A8C2CDC3537008951C2 /* Base */,
			);
			name = Main.storyboard;
			sourceTree = "<group>";
		};
		70440A902CDC3544008951C2 /* LaunchScreen.storyboard */ = {
			isa = PBXVariantGroup;
			children = (
				70440A912CDC3544008951C2 /* Base */,
			);
			name = LaunchScreen.storyboard;
			sourceTree = "<group>";
		};
/* End PBXVariantGroup section */

/* Begin XCBuildConfiguration section */
		70440AAA2CDC3544008951C2 /* Debug */ = {
			isa = XCBuildConfiguration;
			buildSettings = {
				ALWAYS_SEARCH_USER_PATHS = NO;
				ASSETCATALOG_COMPILER_GENERATE_SWIFT_ASSET_SYMBOL_EXTENSIONS = YES;
				CLANG_ANALYZER_NONNULL = YES;
				CLANG_ANALYZER_NUMBER_OBJECT_CONVERSION = YES_AGGRESSIVE;
				CLANG_CXX_LANGUAGE_STANDARD = "gnu++20";
				CLANG_ENABLE_MODULES = YES;
				CLANG_ENABLE_OBJC_ARC = YES;
				CLANG_ENABLE_OBJC_WEAK = YES;
				CLANG_WARN_BLOCK_CAPTURE_AUTORELEASING = YES;
				CLANG_WARN_BOOL_CONVERSION = YES;
				CLANG_WARN_COMMA = YES;
				CLANG_WARN_CONSTANT_CONVERSION = YES;
				CLANG_WARN_DEPRECATED_OBJC_IMPLEMENTATIONS = YES;
				CLANG_WARN_DIRECT_OBJC_ISA_USAGE = YES_ERROR;
				CLANG_WARN_DOCUMENTATION_COMMENTS = YES;
				CLANG_WARN_EMPTY_BODY = YES;
				CLANG_WARN_ENUM_CONVERSION = YES;
				CLANG_WARN_INFINITE_RECURSION = YES;
				CLANG_WARN_INT_CONVERSION = YES;
				CLANG_WARN_NON_LITERAL_NULL_CONVERSION = YES;
				CLANG_WARN_OBJC_IMPLICIT_RETAIN_SELF = YES;
				CLANG_WARN_OBJC_LITERAL_CONVERSION = YES;
				CLANG_WARN_OBJC_ROOT_CLASS = YES_ERROR;
				CLANG_WARN_QUOTED_INCLUDE_IN_FRAMEWORK_HEADER = YES;
				CLANG_WARN_RANGE_LOOP_ANALYSIS = YES;
				CLANG_WARN_STRICT_PROTOTYPES = YES;
				CLANG_WARN_SUSPICIOUS_MOVE = YES;
				CLANG_WARN_UNGUARDED_AVAILABILITY = YES_AGGRESSIVE;
				CLANG_WARN_UNREACHABLE_CODE = YES;
				CLANG_WARN__DUPLICATE_METHOD_MATCH = YES;
				COPY_PHASE_STRIP = NO;
				DEBUG_INFORMATION_FORMAT = dwarf;
				ENABLE_STRICT_OBJC_MSGSEND = YES;
				ENABLE_TESTABILITY = YES;
				ENABLE_USER_SCRIPT_SANDBOXING = YES;
				GCC_C_LANGUAGE_STANDARD = gnu17;
				GCC_DYNAMIC_NO_PIC = NO;
				GCC_NO_COMMON_BLOCKS = YES;
				GCC_OPTIMIZATION_LEVEL = 0;
				GCC_PREPROCESSOR_DEFINITIONS = (
					"DEBUG=1",
					"$(inherited)",
				);
				GCC_WARN_64_TO_32_BIT_CONVERSION = YES;
				GCC_WARN_ABOUT_RETURN_TYPE = YES_ERROR;
				GCC_WARN_UNDECLARED_SELECTOR = YES;
				GCC_WARN_UNINITIALIZED_AUTOS = YES_AGGRESSIVE;
				GCC_WARN_UNUSED_FUNCTION = YES;
				GCC_WARN_UNUSED_VARIABLE = YES;
				IPHONEOS_DEPLOYMENT_TARGET = 17.2;
				LOCALIZATION_PREFERS_STRING_CATALOGS = YES;
				MTL_ENABLE_DEBUG_INFO = INCLUDE_SOURCE;
				MTL_FAST_MATH = YES;
				ONLY_ACTIVE_ARCH = YES;
				SDKROOT = iphoneos;
				SWIFT_ACTIVE_COMPILATION_CONDITIONS = "DEBUG $(inherited)";
				SWIFT_OPTIMIZATION_LEVEL = "-Onone";
			};
			name = Debug;
		};
		70440AAB2CDC3544008951C2 /* Release */ = {
			isa = XCBuildConfiguration;
			buildSettings = {
				ALWAYS_SEARCH_USER_PATHS = NO;
				ASSETCATALOG_COMPILER_GENERATE_SWIFT_ASSET_SYMBOL_EXTENSIONS = YES;
				CLANG_ANALYZER_NONNULL = YES;
				CLANG_ANALYZER_NUMBER_OBJECT_CONVERSION = YES_AGGRESSIVE;
				CLANG_CXX_LANGUAGE_STANDARD = "gnu++20";
				CLANG_ENABLE_MODULES = YES;
				CLANG_ENABLE_OBJC_ARC = YES;
				CLANG_ENABLE_OBJC_WEAK = YES;
				CLANG_WARN_BLOCK_CAPTURE_AUTORELEASING = YES;
				CLANG_WARN_BOOL_CONVERSION = YES;
				CLANG_WARN_COMMA = YES;
				CLANG_WARN_CONSTANT_CONVERSION = YES;
				CLANG_WARN_DEPRECATED_OBJC_IMPLEMENTATIONS = YES;
				CLANG_WARN_DIRECT_OBJC_ISA_USAGE = YES_ERROR;
				CLANG_WARN_DOCUMENTATION_COMMENTS = YES;
				CLANG_WARN_EMPTY_BODY = YES;
				CLANG_WARN_ENUM_CONVERSION = YES;
				CLANG_WARN_INFINITE_RECURSION = YES;
				CLANG_WARN_INT_CONVERSION = YES;
				CLANG_WARN_NON_LITERAL_NULL_CONVERSION = YES;
				CLANG_WARN_OBJC_IMPLICIT_RETAIN_SELF = YES;
				CLANG_WARN_OBJC_LITERAL_CONVERSION = YES;
				CLANG_WARN_OBJC_ROOT_CLASS = YES_ERROR;
				CLANG_WARN_QUOTED_INCLUDE_IN_FRAMEWORK_HEADER = YES;
				CLANG_WARN_RANGE_LOOP_ANALYSIS = YES;
				CLANG_WARN_STRICT_PROTOTYPES = YES;
				CLANG_WARN_SUSPICIOUS_MOVE = YES;
				CLANG_WARN_UNGUARDED_AVAILABILITY = YES_AGGRESSIVE;
				CLANG_WARN_UNREACHABLE_CODE = YES;
				CLANG_WARN__DUPLICATE_METHOD_MATCH = YES;
				COPY_PHASE_STRIP = NO;
				DEBUG_INFORMATION_FORMAT = "dwarf-with-dsym";
				ENABLE_NS_ASSERTIONS = NO;
				ENABLE_STRICT_OBJC_MSGSEND = YES;
				ENABLE_USER_SCRIPT_SANDBOXING = YES;
				GCC_C_LANGUAGE_STANDARD = gnu17;
				GCC_NO_COMMON_BLOCKS = YES;
				GCC_WARN_64_TO_32_BIT_CONVERSION = YES;
				GCC_WARN_ABOUT_RETURN_TYPE = YES_ERROR;
				GCC_WARN_UNDECLARED_SELECTOR = YES;
				GCC_WARN_UNINITIALIZED_AUTOS = YES_AGGRESSIVE;
				GCC_WARN_UNUSED_FUNCTION = YES;
				GCC_WARN_UNUSED_VARIABLE = YES;
				IPHONEOS_DEPLOYMENT_TARGET = 17.2;
				LOCALIZATION_PREFERS_STRING_CATALOGS = YES;
				MTL_ENABLE_DEBUG_INFO = NO;
				MTL_FAST_MATH = YES;
				SDKROOT = iphoneos;
				SWIFT_COMPILATION_MODE = wholemodule;
				VALIDATE_PRODUCT = YES;
			};
			name = Release;
		};
		70440AAD2CDC3544008951C2 /* Debug */ = {
			isa = XCBuildConfiguration;
			buildSettings = {
				ASSETCATALOG_COMPILER_APPICON_NAME = AppIcon;
				ASSETCATALOG_COMPILER_GLOBAL_ACCENT_COLOR_NAME = AccentColor;
				CODE_SIGN_STYLE = Automatic;
				CURRENT_PROJECT_VERSION = 1;
				GENERATE_INFOPLIST_FILE = YES;
				INFOPLIST_FILE = "LinusOwenDavid-FinalProject/Info.plist";
				INFOPLIST_KEY_UIApplicationSupportsIndirectInputEvents = YES;
				INFOPLIST_KEY_UILaunchStoryboardName = LaunchScreen;
				INFOPLIST_KEY_UIMainStoryboardFile = Main;
				INFOPLIST_KEY_UISupportedInterfaceOrientations_iPad = "UIInterfaceOrientationPortrait UIInterfaceOrientationPortraitUpsideDown UIInterfaceOrientationLandscapeLeft UIInterfaceOrientationLandscapeRight";
				INFOPLIST_KEY_UISupportedInterfaceOrientations_iPhone = "UIInterfaceOrientationPortrait UIInterfaceOrientationLandscapeLeft UIInterfaceOrientationLandscapeRight";
				LD_RUNPATH_SEARCH_PATHS = (
					"$(inherited)",
					"@executable_path/Frameworks",
				);
				MARKETING_VERSION = 1.0;
				PRODUCT_BUNDLE_IDENTIFIER = "com.linusjlee.LinusOwenDavid-FinalProject";
				PRODUCT_NAME = "$(TARGET_NAME)";
				SWIFT_EMIT_LOC_STRINGS = YES;
				SWIFT_VERSION = 5.0;
				TARGETED_DEVICE_FAMILY = "1,2";
			};
			name = Debug;
		};
		70440AAE2CDC3544008951C2 /* Release */ = {
			isa = XCBuildConfiguration;
			buildSettings = {
				ASSETCATALOG_COMPILER_APPICON_NAME = AppIcon;
				ASSETCATALOG_COMPILER_GLOBAL_ACCENT_COLOR_NAME = AccentColor;
				CODE_SIGN_STYLE = Automatic;
				CURRENT_PROJECT_VERSION = 1;
				GENERATE_INFOPLIST_FILE = YES;
				INFOPLIST_FILE = "LinusOwenDavid-FinalProject/Info.plist";
				INFOPLIST_KEY_UIApplicationSupportsIndirectInputEvents = YES;
				INFOPLIST_KEY_UILaunchStoryboardName = LaunchScreen;
				INFOPLIST_KEY_UIMainStoryboardFile = Main;
				INFOPLIST_KEY_UISupportedInterfaceOrientations_iPad = "UIInterfaceOrientationPortrait UIInterfaceOrientationPortraitUpsideDown UIInterfaceOrientationLandscapeLeft UIInterfaceOrientationLandscapeRight";
				INFOPLIST_KEY_UISupportedInterfaceOrientations_iPhone = "UIInterfaceOrientationPortrait UIInterfaceOrientationLandscapeLeft UIInterfaceOrientationLandscapeRight";
				LD_RUNPATH_SEARCH_PATHS = (
					"$(inherited)",
					"@executable_path/Frameworks",
				);
				MARKETING_VERSION = 1.0;
				PRODUCT_BUNDLE_IDENTIFIER = "com.linusjlee.LinusOwenDavid-FinalProject";
				PRODUCT_NAME = "$(TARGET_NAME)";
				SWIFT_EMIT_LOC_STRINGS = YES;
				SWIFT_VERSION = 5.0;
				TARGETED_DEVICE_FAMILY = "1,2";
			};
			name = Release;
		};
		70440AB02CDC3544008951C2 /* Debug */ = {
			isa = XCBuildConfiguration;
			buildSettings = {
				ALWAYS_EMBED_SWIFT_STANDARD_LIBRARIES = YES;
				BUNDLE_LOADER = "$(TEST_HOST)";
				CODE_SIGN_STYLE = Automatic;
				CURRENT_PROJECT_VERSION = 1;
				GENERATE_INFOPLIST_FILE = YES;
				IPHONEOS_DEPLOYMENT_TARGET = 17.2;
				MARKETING_VERSION = 1.0;
				PRODUCT_BUNDLE_IDENTIFIER = "com.linusjlee.LinusOwenDavid-FinalProjectTests";
				PRODUCT_NAME = "$(TARGET_NAME)";
				SWIFT_EMIT_LOC_STRINGS = NO;
				SWIFT_VERSION = 5.0;
				TARGETED_DEVICE_FAMILY = "1,2";
				TEST_HOST = "$(BUILT_PRODUCTS_DIR)/LinusOwenDavid-FinalProject.app/$(BUNDLE_EXECUTABLE_FOLDER_PATH)/LinusOwenDavid-FinalProject";
			};
			name = Debug;
		};
		70440AB12CDC3544008951C2 /* Release */ = {
			isa = XCBuildConfiguration;
			buildSettings = {
				ALWAYS_EMBED_SWIFT_STANDARD_LIBRARIES = YES;
				BUNDLE_LOADER = "$(TEST_HOST)";
				CODE_SIGN_STYLE = Automatic;
				CURRENT_PROJECT_VERSION = 1;
				GENERATE_INFOPLIST_FILE = YES;
				IPHONEOS_DEPLOYMENT_TARGET = 17.2;
				MARKETING_VERSION = 1.0;
				PRODUCT_BUNDLE_IDENTIFIER = "com.linusjlee.LinusOwenDavid-FinalProjectTests";
				PRODUCT_NAME = "$(TARGET_NAME)";
				SWIFT_EMIT_LOC_STRINGS = NO;
				SWIFT_VERSION = 5.0;
				TARGETED_DEVICE_FAMILY = "1,2";
				TEST_HOST = "$(BUILT_PRODUCTS_DIR)/LinusOwenDavid-FinalProject.app/$(BUNDLE_EXECUTABLE_FOLDER_PATH)/LinusOwenDavid-FinalProject";
			};
			name = Release;
		};
		70440AB32CDC3544008951C2 /* Debug */ = {
			isa = XCBuildConfiguration;
			buildSettings = {
				ALWAYS_EMBED_SWIFT_STANDARD_LIBRARIES = YES;
				CODE_SIGN_STYLE = Automatic;
				CURRENT_PROJECT_VERSION = 1;
				GENERATE_INFOPLIST_FILE = YES;
				MARKETING_VERSION = 1.0;
				PRODUCT_BUNDLE_IDENTIFIER = "com.linusjlee.LinusOwenDavid-FinalProjectUITests";
				PRODUCT_NAME = "$(TARGET_NAME)";
				SWIFT_EMIT_LOC_STRINGS = NO;
				SWIFT_VERSION = 5.0;
				TARGETED_DEVICE_FAMILY = "1,2";
				TEST_TARGET_NAME = "LinusOwenDavid-FinalProject";
			};
			name = Debug;
		};
		70440AB42CDC3544008951C2 /* Release */ = {
			isa = XCBuildConfiguration;
			buildSettings = {
				ALWAYS_EMBED_SWIFT_STANDARD_LIBRARIES = YES;
				CODE_SIGN_STYLE = Automatic;
				CURRENT_PROJECT_VERSION = 1;
				GENERATE_INFOPLIST_FILE = YES;
				MARKETING_VERSION = 1.0;
				PRODUCT_BUNDLE_IDENTIFIER = "com.linusjlee.LinusOwenDavid-FinalProjectUITests";
				PRODUCT_NAME = "$(TARGET_NAME)";
				SWIFT_EMIT_LOC_STRINGS = NO;
				SWIFT_VERSION = 5.0;
				TARGETED_DEVICE_FAMILY = "1,2";
				TEST_TARGET_NAME = "LinusOwenDavid-FinalProject";
			};
			name = Release;
		};
/* End XCBuildConfiguration section */

/* Begin XCConfigurationList section */
		70440A7D2CDC3537008951C2 /* Build configuration list for PBXProject "LinusOwenDavid-FinalProject" */ = {
			isa = XCConfigurationList;
			buildConfigurations = (
				70440AAA2CDC3544008951C2 /* Debug */,
				70440AAB2CDC3544008951C2 /* Release */,
			);
			defaultConfigurationIsVisible = 0;
			defaultConfigurationName = Release;
		};
		70440AAC2CDC3544008951C2 /* Build configuration list for PBXNativeTarget "LinusOwenDavid-FinalProject" */ = {
			isa = XCConfigurationList;
			buildConfigurations = (
				70440AAD2CDC3544008951C2 /* Debug */,
				70440AAE2CDC3544008951C2 /* Release */,
			);
			defaultConfigurationIsVisible = 0;
			defaultConfigurationName = Release;
		};
		70440AAF2CDC3544008951C2 /* Build configuration list for PBXNativeTarget "LinusOwenDavid-FinalProjectTests" */ = {
			isa = XCConfigurationList;
			buildConfigurations = (
				70440AB02CDC3544008951C2 /* Debug */,
				70440AB12CDC3544008951C2 /* Release */,
			);
			defaultConfigurationIsVisible = 0;
			defaultConfigurationName = Release;
		};
		70440AB22CDC3544008951C2 /* Build configuration list for PBXNativeTarget "LinusOwenDavid-FinalProjectUITests" */ = {
			isa = XCConfigurationList;
			buildConfigurations = (
				70440AB32CDC3544008951C2 /* Debug */,
				70440AB42CDC3544008951C2 /* Release */,
			);
			defaultConfigurationIsVisible = 0;
			defaultConfigurationName = Release;
		};
/* End XCConfigurationList section */
	};
	rootObject = 70440A7A2CDC3537008951C2 /* Project object */;
}
